
Microsoft Visual Studio Solution File, Format Version 12.00
# Visual Studio Version 17
VisualStudioVersion = 17.5.33530.505
MinimumVisualStudioVersion = 10.0.40219.1
Project("{FAE04EC0-301F-11D3-BF4B-00C04F79EFBC}") = "Manero", "Manero\Manero.csproj", "{496BF2A9-36BB-4204-80DF-0B9A24E3A728}"
EndProject
Global
	GlobalSection(SolutionConfigurationPlatforms) = preSolution
		Debug|Any CPU = Debug|Any CPU
		Release|Any CPU = Release|Any CPU
	EndGlobalSection
	GlobalSection(ProjectConfigurationPlatforms) = postSolution
		{496BF2A9-36BB-4204-80DF-0B9A24E3A728}.Debug|Any CPU.ActiveCfg = Debug|Any CPU
		{496BF2A9-36BB-4204-80DF-0B9A24E3A728}.Debug|Any CPU.Build.0 = Debug|Any CPU
		{496BF2A9-36BB-4204-80DF-0B9A24E3A728}.Release|Any CPU.ActiveCfg = Release|Any CPU
		{496BF2A9-36BB-4204-80DF-0B9A24E3A728}.Release|Any CPU.Build.0 = Release|Any CPU
	EndGlobalSection
	GlobalSection(SolutionProperties) = preSolution
		HideSolutionNode = FALSE
	EndGlobalSection
	GlobalSection(ExtensibilityGlobals) = postSolution
		SolutionGuid = {4BCEA08C-5522-4DF2-BA23-A23A4F01B17F}
	EndGlobalSection
EndGlobal
